
Microsoft Visual Studio Solution File, Format Version 12.00
# Visual Studio Express 2013 for Windows Desktop
VisualStudioVersion = 12.0.21005.1
MinimumVisualStudioVersion = 10.0.40219.1
Project("{8BC9CEB8-8B4A-11D0-8D11-00A0C91BC942}") = "HW-01", "HW\HW-01\HW-01.vcxproj", "{11E89DB9-B8DC-4DCF-8D6C-93BB8D98647F}"
EndProject
Project("{8BC9CEB8-8B4A-11D0-8D11-00A0C91BC942}") = "HW-02", "HW\HW-02\HW-02.vcxproj", "{AFEAC2A1-07CD-4E28-9702-7B52C0FF1433}"
EndProject
Project("{8BC9CEB8-8B4A-11D0-8D11-00A0C91BC942}") = "HW-02 - Peer 01", "HW\HW-02 Peer Review\Peer 01\HW-02 - Peer 01.vcxproj", "{89AEF469-040E-42AD-9F8A-FF57CCFF892B}"
EndProject
Project("{8BC9CEB8-8B4A-11D0-8D11-00A0C91BC942}") = "HW-02 - Peer 02", "HW\HW-02 Peer Review\Peer 02\Peer 02.vcxproj", "{9A48936C-4CCB-49EA-8931-D15BD42394FD}"
EndProject
Project("{8BC9CEB8-8B4A-11D0-8D11-00A0C91BC942}") = "HW-02 - Peer 03", "HW\HW-02 Peer Review\Peer 03\Peer 03.vcxproj", "{532D3918-E5CF-402D-BC4F-752E28339FCE}"
EndProject
Project("{2150E333-8FDC-42A3-9474-1A3956D46DE8}") = "HW-01", "HW-01", "{C2FC3AE3-85E3-4D8D-86FC-5D6BE73185D5}"
EndProject
Project("{2150E333-8FDC-42A3-9474-1A3956D46DE8}") = "HW-02", "HW-02", "{635963F5-5847-4BBF-A6A0-A3EB3797FB15}"
EndProject
Project("{2150E333-8FDC-42A3-9474-1A3956D46DE8}") = "HW-03", "HW-03", "{3FE7D8DF-D72D-4770-B184-93218C8773FF}"
EndProject
Project("{2150E333-8FDC-42A3-9474-1A3956D46DE8}") = "HW-04", "HW-04", "{33504608-FF42-4F74-A53C-CCFB45254462}"
EndProject
Project("{2150E333-8FDC-42A3-9474-1A3956D46DE8}") = "HW-05", "HW-05", "{14E33768-C503-4C05-A850-AED498104A46}"
EndProject
Project("{2150E333-8FDC-42A3-9474-1A3956D46DE8}") = "Peer Review", "Peer Review", "{2B1D88F7-0A3C-4E00-8EBC-ED2539E263B6}"
EndProject
Project("{2150E333-8FDC-42A3-9474-1A3956D46DE8}") = "HW-02", "HW-02", "{7E93AC70-C753-4AA2-90AD-2B2EB2538C2F}"
EndProject
Project("{2150E333-8FDC-42A3-9474-1A3956D46DE8}") = "HW-03", "HW-03", "{1CB6B882-7203-4ECF-B817-BFBE3CA2D00A}"
EndProject
Project("{2150E333-8FDC-42A3-9474-1A3956D46DE8}") = "HW-04", "HW-04", "{070E90BF-16CD-40F3-AA9F-0A5BFFCDBDCF}"
EndProject
Project("{2150E333-8FDC-42A3-9474-1A3956D46DE8}") = "HW-05", "HW-05", "{F46872E0-C00F-424E-903C-A18C9CBA8AA8}"
EndProject
Project("{8BC9CEB8-8B4A-11D0-8D11-00A0C91BC942}") = "HW-03", "HW\HW-03\HW-03.vcxproj", "{F83F4F8F-010C-4EAD-ACB9-6962CB4865B0}"
EndProject
Project("{8BC9CEB8-8B4A-11D0-8D11-00A0C91BC942}") = "HW-04", "HW\HW-04\HW-04.vcxproj", "{C8BC4735-3C65-41BE-80A6-C3F4893736EF}"
EndProject
Project("{8BC9CEB8-8B4A-11D0-8D11-00A0C91BC942}") = "HW-03 - Peer 01", "HW\HW-03 Peer Review\Peer 01\Peer 01.vcxproj", "{D3D4AA7B-FBD3-43E0-B085-E8A483A28EFC}"
EndProject
Project("{8BC9CEB8-8B4A-11D0-8D11-00A0C91BC942}") = "HW-03 - Peer 02", "HW\HW-03 Peer Review\Peer 02\Peer 02.vcxproj", "{90758AA7-25F8-4693-B2BE-BD49EAD84110}"
EndProject
Project("{8BC9CEB8-8B4A-11D0-8D11-00A0C91BC942}") = "HW-03 - Peer 03", "HW\HW-03 Peer Review\Peer 03\Peer 03.vcxproj", "{AEF94515-0998-43AA-BA1B-3A8AD5389D2C}"
EndProject
Project("{8BC9CEB8-8B4A-11D0-8D11-00A0C91BC942}") = "Test and Scratch", "HW\Test and Scratch\Test and Scratch.vcxproj", "{5F898B18-2B35-46EB-BCAF-B60FF46D00DB}"
EndProject
Project("{8BC9CEB8-8B4A-11D0-8D11-00A0C91BC942}") = "HW-05", "HW\HW-05\HW-05.vcxproj", "{204865F0-5329-4575-8580-0FCCFBF420FE}"
EndProject
Project("{8BC9CEB8-8B4A-11D0-8D11-00A0C91BC942}") = "HW-05 Peer 01", "HW\HW-05 Peer Review\Peer 01\HW-05 Peer 01.vcxproj", "{2CA7047A-6469-4651-ADC4-A7E4385CA8BE}"
EndProject
Project("{8BC9CEB8-8B4A-11D0-8D11-00A0C91BC942}") = "HW-05 Peer 02", "HW\HW-05 Peer Review\Peer 02\HW-05 Peer 02.vcxproj", "{360A0811-66E5-4621-9008-28CC5A5F8812}"
EndProject
Project("{8BC9CEB8-8B4A-11D0-8D11-00A0C91BC942}") = "HW-05 Peer 03", "HW\HW-05 Peer Review\Peer 03\HW-05 Peer 03.vcxproj", "{1DBBAF1A-9153-4369-A7FA-F61929EEE0FB}"
EndProject
Global
	GlobalSection(SolutionConfigurationPlatforms) = preSolution
		Debug|Win32 = Debug|Win32
		Release|Win32 = Release|Win32
	EndGlobalSection
	GlobalSection(ProjectConfigurationPlatforms) = postSolution
		{11E89DB9-B8DC-4DCF-8D6C-93BB8D98647F}.Debug|Win32.ActiveCfg = Debug|Win32
		{11E89DB9-B8DC-4DCF-8D6C-93BB8D98647F}.Debug|Win32.Build.0 = Debug|Win32
		{11E89DB9-B8DC-4DCF-8D6C-93BB8D98647F}.Release|Win32.ActiveCfg = Release|Win32
		{11E89DB9-B8DC-4DCF-8D6C-93BB8D98647F}.Release|Win32.Build.0 = Release|Win32
		{AFEAC2A1-07CD-4E28-9702-7B52C0FF1433}.Debug|Win32.ActiveCfg = Debug|Win32
		{AFEAC2A1-07CD-4E28-9702-7B52C0FF1433}.Debug|Win32.Build.0 = Debug|Win32
		{AFEAC2A1-07CD-4E28-9702-7B52C0FF1433}.Release|Win32.ActiveCfg = Release|Win32
		{AFEAC2A1-07CD-4E28-9702-7B52C0FF1433}.Release|Win32.Build.0 = Release|Win32
		{89AEF469-040E-42AD-9F8A-FF57CCFF892B}.Debug|Win32.ActiveCfg = Debug|Win32
		{89AEF469-040E-42AD-9F8A-FF57CCFF892B}.Debug|Win32.Build.0 = Debug|Win32
		{89AEF469-040E-42AD-9F8A-FF57CCFF892B}.Release|Win32.ActiveCfg = Release|Win32
		{89AEF469-040E-42AD-9F8A-FF57CCFF892B}.Release|Win32.Build.0 = Release|Win32
		{9A48936C-4CCB-49EA-8931-D15BD42394FD}.Debug|Win32.ActiveCfg = Debug|Win32
		{9A48936C-4CCB-49EA-8931-D15BD42394FD}.Debug|Win32.Build.0 = Debug|Win32
		{9A48936C-4CCB-49EA-8931-D15BD42394FD}.Release|Win32.ActiveCfg = Release|Win32
		{9A48936C-4CCB-49EA-8931-D15BD42394FD}.Release|Win32.Build.0 = Release|Win32
		{532D3918-E5CF-402D-BC4F-752E28339FCE}.Debug|Win32.ActiveCfg = Debug|Win32
		{532D3918-E5CF-402D-BC4F-752E28339FCE}.Debug|Win32.Build.0 = Debug|Win32
		{532D3918-E5CF-402D-BC4F-752E28339FCE}.Release|Win32.ActiveCfg = Release|Win32
		{532D3918-E5CF-402D-BC4F-752E28339FCE}.Release|Win32.Build.0 = Release|Win32
		{F83F4F8F-010C-4EAD-ACB9-6962CB4865B0}.Debug|Win32.ActiveCfg = Debug|Win32
		{F83F4F8F-010C-4EAD-ACB9-6962CB4865B0}.Debug|Win32.Build.0 = Debug|Win32
		{F83F4F8F-010C-4EAD-ACB9-6962CB4865B0}.Release|Win32.ActiveCfg = Release|Win32
		{F83F4F8F-010C-4EAD-ACB9-6962CB4865B0}.Release|Win32.Build.0 = Release|Win32
		{C8BC4735-3C65-41BE-80A6-C3F4893736EF}.Debug|Win32.ActiveCfg = Debug|Win32
		{C8BC4735-3C65-41BE-80A6-C3F4893736EF}.Debug|Win32.Build.0 = Debug|Win32
		{C8BC4735-3C65-41BE-80A6-C3F4893736EF}.Release|Win32.ActiveCfg = Release|Win32
		{C8BC4735-3C65-41BE-80A6-C3F4893736EF}.Release|Win32.Build.0 = Release|Win32
		{D3D4AA7B-FBD3-43E0-B085-E8A483A28EFC}.Debug|Win32.ActiveCfg = Debug|Win32
		{D3D4AA7B-FBD3-43E0-B085-E8A483A28EFC}.Debug|Win32.Build.0 = Debug|Win32
		{D3D4AA7B-FBD3-43E0-B085-E8A483A28EFC}.Release|Win32.ActiveCfg = Release|Win32
		{D3D4AA7B-FBD3-43E0-B085-E8A483A28EFC}.Release|Win32.Build.0 = Release|Win32
		{90758AA7-25F8-4693-B2BE-BD49EAD84110}.Debug|Win32.ActiveCfg = Debug|Win32
		{90758AA7-25F8-4693-B2BE-BD49EAD84110}.Debug|Win32.Build.0 = Debug|Win32
		{90758AA7-25F8-4693-B2BE-BD49EAD84110}.Release|Win32.ActiveCfg = Release|Win32
		{90758AA7-25F8-4693-B2BE-BD49EAD84110}.Release|Win32.Build.0 = Release|Win32
		{AEF94515-0998-43AA-BA1B-3A8AD5389D2C}.Debug|Win32.ActiveCfg = Debug|Win32
		{AEF94515-0998-43AA-BA1B-3A8AD5389D2C}.Debug|Win32.Build.0 = Debug|Win32
		{AEF94515-0998-43AA-BA1B-3A8AD5389D2C}.Release|Win32.ActiveCfg = Release|Win32
		{AEF94515-0998-43AA-BA1B-3A8AD5389D2C}.Release|Win32.Build.0 = Release|Win32
		{5F898B18-2B35-46EB-BCAF-B60FF46D00DB}.Debug|Win32.ActiveCfg = Debug|Win32
		{5F898B18-2B35-46EB-BCAF-B60FF46D00DB}.Debug|Win32.Build.0 = Debug|Win32
		{5F898B18-2B35-46EB-BCAF-B60FF46D00DB}.Release|Win32.ActiveCfg = Release|Win32
		{5F898B18-2B35-46EB-BCAF-B60FF46D00DB}.Release|Win32.Build.0 = Release|Win32
		{204865F0-5329-4575-8580-0FCCFBF420FE}.Debug|Win32.ActiveCfg = Debug|Win32
		{204865F0-5329-4575-8580-0FCCFBF420FE}.Debug|Win32.Build.0 = Debug|Win32
		{204865F0-5329-4575-8580-0FCCFBF420FE}.Release|Win32.ActiveCfg = Release|Win32
		{204865F0-5329-4575-8580-0FCCFBF420FE}.Release|Win32.Build.0 = Release|Win32
		{2CA7047A-6469-4651-ADC4-A7E4385CA8BE}.Debug|Win32.ActiveCfg = Debug|Win32
		{2CA7047A-6469-4651-ADC4-A7E4385CA8BE}.Debug|Win32.Build.0 = Debug|Win32
		{2CA7047A-6469-4651-ADC4-A7E4385CA8BE}.Release|Win32.ActiveCfg = Release|Win32
		{2CA7047A-6469-4651-ADC4-A7E4385CA8BE}.Release|Win32.Build.0 = Release|Win32
		{360A0811-66E5-4621-9008-28CC5A5F8812}.Debug|Win32.ActiveCfg = Debug|Win32
		{360A0811-66E5-4621-9008-28CC5A5F8812}.Debug|Win32.Build.0 = Debug|Win32
		{360A0811-66E5-4621-9008-28CC5A5F8812}.Release|Win32.ActiveCfg = Release|Win32
		{360A0811-66E5-4621-9008-28CC5A5F8812}.Release|Win32.Build.0 = Release|Win32
		{1DBBAF1A-9153-4369-A7FA-F61929EEE0FB}.Debug|Win32.ActiveCfg = Debug|Win32
		{1DBBAF1A-9153-4369-A7FA-F61929EEE0FB}.Debug|Win32.Build.0 = Debug|Win32
		{1DBBAF1A-9153-4369-A7FA-F61929EEE0FB}.Release|Win32.ActiveCfg = Release|Win32
		{1DBBAF1A-9153-4369-A7FA-F61929EEE0FB}.Release|Win32.Build.0 = Release|Win32
	EndGlobalSection
	GlobalSection(SolutionProperties) = preSolution
		HideSolutionNode = FALSE
	EndGlobalSection
	GlobalSection(NestedProjects) = preSolution
		{11E89DB9-B8DC-4DCF-8D6C-93BB8D98647F} = {C2FC3AE3-85E3-4D8D-86FC-5D6BE73185D5}
		{AFEAC2A1-07CD-4E28-9702-7B52C0FF1433} = {635963F5-5847-4BBF-A6A0-A3EB3797FB15}
		{7E93AC70-C753-4AA2-90AD-2B2EB2538C2F} = {2B1D88F7-0A3C-4E00-8EBC-ED2539E263B6}
		{1CB6B882-7203-4ECF-B817-BFBE3CA2D00A} = {2B1D88F7-0A3C-4E00-8EBC-ED2539E263B6}
		{070E90BF-16CD-40F3-AA9F-0A5BFFCDBDCF} = {2B1D88F7-0A3C-4E00-8EBC-ED2539E263B6}
		{F46872E0-C00F-424E-903C-A18C9CBA8AA8} = {2B1D88F7-0A3C-4E00-8EBC-ED2539E263B6}
		{532D3918-E5CF-402D-BC4F-752E28339FCE} = {7E93AC70-C753-4AA2-90AD-2B2EB2538C2F}
		{89AEF469-040E-42AD-9F8A-FF57CCFF892B} = {7E93AC70-C753-4AA2-90AD-2B2EB2538C2F}
		{9A48936C-4CCB-49EA-8931-D15BD42394FD} = {7E93AC70-C753-4AA2-90AD-2B2EB2538C2F}
		{F83F4F8F-010C-4EAD-ACB9-6962CB4865B0} = {3FE7D8DF-D72D-4770-B184-93218C8773FF}
		{C8BC4735-3C65-41BE-80A6-C3F4893736EF} = {33504608-FF42-4F74-A53C-CCFB45254462}
		{204865F0-5329-4575-8580-0FCCFBF420FE} = {14E33768-C503-4C05-A850-AED498104A46}
		{D3D4AA7B-FBD3-43E0-B085-E8A483A28EFC} = {1CB6B882-7203-4ECF-B817-BFBE3CA2D00A}
		{90758AA7-25F8-4693-B2BE-BD49EAD84110} = {1CB6B882-7203-4ECF-B817-BFBE3CA2D00A}
		{AEF94515-0998-43AA-BA1B-3A8AD5389D2C} = {1CB6B882-7203-4ECF-B817-BFBE3CA2D00A}
		{2CA7047A-6469-4651-ADC4-A7E4385CA8BE} = {F46872E0-C00F-424E-903C-A18C9CBA8AA8}
		{360A0811-66E5-4621-9008-28CC5A5F8812} = {F46872E0-C00F-424E-903C-A18C9CBA8AA8}
		{1DBBAF1A-9153-4369-A7FA-F61929EEE0FB} = {F46872E0-C00F-424E-903C-A18C9CBA8AA8}
	EndGlobalSection
EndGlobal
